
Microsoft Visual Studio Solution File, Format Version 12.00
# Visual Studio Version 17
VisualStudioVersion = 17.5.33530.505
MinimumVisualStudioVersion = 10.0.40219.1
Project("{FAE04EC0-301F-11D3-BF4B-00C04F79EFBC}") = "snake-ladder-design", "snake-ladder-design\snake-ladder-design.csproj", "{854333F1-5C46-4CDA-95F0-D2E596FFEDCC}"
EndProject
Global
	GlobalSection(SolutionConfigurationPlatforms) = preSolution
		Debug|Any CPU = Debug|Any CPU
		Release|Any CPU = Release|Any CPU
	EndGlobalSection
	GlobalSection(ProjectConfigurationPlatforms) = postSolution
		{854333F1-5C46-4CDA-95F0-D2E596FFEDCC}.Debug|Any CPU.ActiveCfg = Debug|Any CPU
		{854333F1-5C46-4CDA-95F0-D2E596FFEDCC}.Debug|Any CPU.Build.0 = Debug|Any CPU
		{854333F1-5C46-4CDA-95F0-D2E596FFEDCC}.Release|Any CPU.ActiveCfg = Release|Any CPU
		{854333F1-5C46-4CDA-95F0-D2E596FFEDCC}.Release|Any CPU.Build.0 = Release|Any CPU
	EndGlobalSection
	GlobalSection(SolutionProperties) = preSolution
		HideSolutionNode = FALSE
	EndGlobalSection
	GlobalSection(ExtensibilityGlobals) = postSolution
		SolutionGuid = {A4A923D9-351B-4D8C-8EF2-563E1E1F7EFF}
	EndGlobalSection
EndGlobal
