
Microsoft Visual Studio Solution File, Format Version 12.00
# Visual Studio Version 17
VisualStudioVersion = 17.5.001.0
MinimumVisualStudioVersion = 10.0.40219.1
Project("{9A19103F-16F7-4668-BE54-9A1E7A4F7556}") = "Splitwise", "Splitwise.csproj", "{883A9698-6AF3-4DB9-B142-206E7DC179B3}"
EndProject
Global
	GlobalSection(SolutionConfigurationPlatforms) = preSolution
		Debug|Any CPU = Debug|Any CPU
		Release|Any CPU = Release|Any CPU
	EndGlobalSection
	GlobalSection(ProjectConfigurationPlatforms) = postSolution
		{883A9698-6AF3-4DB9-B142-206E7DC179B3}.Debug|Any CPU.ActiveCfg = Debug|Any CPU
		{883A9698-6AF3-4DB9-B142-206E7DC179B3}.Debug|Any CPU.Build.0 = Debug|Any CPU
		{883A9698-6AF3-4DB9-B142-206E7DC179B3}.Release|Any CPU.ActiveCfg = Release|Any CPU
		{883A9698-6AF3-4DB9-B142-206E7DC179B3}.Release|Any CPU.Build.0 = Release|Any CPU
	EndGlobalSection
	GlobalSection(SolutionProperties) = preSolution
		HideSolutionNode = FALSE
	EndGlobalSection
	GlobalSection(ExtensibilityGlobals) = postSolution
		SolutionGuid = {4A2149EB-692E-40D5-A672-069C5A8720B5}
	EndGlobalSection
EndGlobal
